
Microsoft Visual Studio Solution File, Format Version 12.00
# Visual Studio Version 17
VisualStudioVersion = 17.7.34031.279
MinimumVisualStudioVersion = 10.0.40219.1
Project("{FAE04EC0-301F-11D3-BF4B-00C04F79EFBC}") = "QuanLyNuocSach", "QuanLyNuocSach.csproj", "{9DE1A5CB-837B-4885-B571-1BED4606D855}"
EndProject
Global
	GlobalSection(SolutionConfigurationPlatforms) = preSolution
		Debug|Any CPU = Debug|Any CPU
		Release|Any CPU = Release|Any CPU
	EndGlobalSection
	GlobalSection(ProjectConfigurationPlatforms) = postSolution
		{9DE1A5CB-837B-4885-B571-1BED4606D855}.Debug|Any CPU.ActiveCfg = Debug|Any CPU
		{9DE1A5CB-837B-4885-B571-1BED4606D855}.Debug|Any CPU.Build.0 = Debug|Any CPU
		{9DE1A5CB-837B-4885-B571-1BED4606D855}.Release|Any CPU.ActiveCfg = Release|Any CPU
		{9DE1A5CB-837B-4885-B571-1BED4606D855}.Release|Any CPU.Build.0 = Release|Any CPU
	EndGlobalSection
	GlobalSection(SolutionProperties) = preSolution
		HideSolutionNode = FALSE
	EndGlobalSection
	GlobalSection(ExtensibilityGlobals) = postSolution
		SolutionGuid = {10D8829C-B0B8-495D-8420-E2944817338D}
	EndGlobalSection
EndGlobal
